// !$*UTF8*$!
{
	archiveVersion = 1;
	classes = {
	};
	objectVersion = 55;
	objects = {

/* Begin PBXBuildFile section */
		5C3D140928F0740D0054FC1F /* AppDelegate.swift in Sources */ = {isa = PBXBuildFile; fileRef = 5C3D140828F0740D0054FC1F /* AppDelegate.swift */; };
		5C3D140B28F0740D0054FC1F /* SceneDelegate.swift in Sources */ = {isa = PBXBuildFile; fileRef = 5C3D140A28F0740D0054FC1F /* SceneDelegate.swift */; };
		5C3D140D28F0740D0054FC1F /* ViewController.swift in Sources */ = {isa = PBXBuildFile; fileRef = 5C3D140C28F0740D0054FC1F /* ViewController.swift */; };
		5C3D141028F0740D0054FC1F /* Main.storyboard in Resources */ = {isa = PBXBuildFile; fileRef = 5C3D140E28F0740D0054FC1F /* Main.storyboard */; };
		5C3D141228F0740E0054FC1F /* Assets.xcassets in Resources */ = {isa = PBXBuildFile; fileRef = 5C3D141128F0740E0054FC1F /* Assets.xcassets */; };
		5C3D141528F0740E0054FC1F /* LaunchScreen.storyboard in Resources */ = {isa = PBXBuildFile; fileRef = 5C3D141328F0740E0054FC1F /* LaunchScreen.storyboard */; };
		5C3D142228F077B20054FC1F /* TransitioningDelegate.swift in Sources */ = {isa = PBXBuildFile; fileRef = 5C3D142128F077B20054FC1F /* TransitioningDelegate.swift */; };
		5C3D143B28F07E130054FC1F /* Duration.swift in Sources */ = {isa = PBXBuildFile; fileRef = 5C3D143528F07E120054FC1F /* Duration.swift */; };
		5C3D143C28F07E130054FC1F /* PresentationUIConfiguration.swift in Sources */ = {isa = PBXBuildFile; fileRef = 5C3D143628F07E120054FC1F /* PresentationUIConfiguration.swift */; };
		5C3D143D28F07E130054FC1F /* TransitionType.swift in Sources */ = {isa = PBXBuildFile; fileRef = 5C3D143728F07E130054FC1F /* TransitionType.swift */; };
		5C3D143E28F07E130054FC1F /* PresentationTiming.swift in Sources */ = {isa = PBXBuildFile; fileRef = 5C3D143828F07E130054FC1F /* PresentationTiming.swift */; };
		5C3D143F28F07E130054FC1F /* Direction.swift in Sources */ = {isa = PBXBuildFile; fileRef = 5C3D143928F07E130054FC1F /* Direction.swift */; };
		5C3D144028F07E130054FC1F /* BackgroundStyle.swift in Sources */ = {isa = PBXBuildFile; fileRef = 5C3D143A28F07E130054FC1F /* BackgroundStyle.swift */; };
		5C3D145D28F07E600054FC1F /* BluredView.swift in Sources */ = {isa = PBXBuildFile; fileRef = 5C3D145B28F07E600054FC1F /* BluredView.swift */; };
		5C3D145E28F07E600054FC1F /* DimmedView.swift in Sources */ = {isa = PBXBuildFile; fileRef = 5C3D145C28F07E600054FC1F /* DimmedView.swift */; };
		5C3D146028F07F380054FC1F /* PassthroughBackgroundView.swift in Sources */ = {isa = PBXBuildFile; fileRef = 5C3D145F28F07F380054FC1F /* PassthroughBackgroundView.swift */; };
		5C3D146728F0800D0054FC1F /* PresentationTimingInformationProvider.swift in Sources */ = {isa = PBXBuildFile; fileRef = 5C3D146128F0800D0054FC1F /* PresentationTimingInformationProvider.swift */; };
		5C3D146828F0800D0054FC1F /* PresentationUIConfigurationProvider.swift in Sources */ = {isa = PBXBuildFile; fileRef = 5C3D146228F0800D0054FC1F /* PresentationUIConfigurationProvider.swift */; };
		5C3D146928F0800D0054FC1F /* PresentationDragIndicatorViewProvider.swift in Sources */ = {isa = PBXBuildFile; fileRef = 5C3D146328F0800D0054FC1F /* PresentationDragIndicatorViewProvider.swift */; };
		5C3D146A28F0800D0054FC1F /* PresentationFrameProvider.swift in Sources */ = {isa = PBXBuildFile; fileRef = 5C3D146428F0800D0054FC1F /* PresentationFrameProvider.swift */; };
		5C3D146B28F0800D0054FC1F /* PresentationAnimatorsProvider.swift in Sources */ = {isa = PBXBuildFile; fileRef = 5C3D146528F0800D0054FC1F /* PresentationAnimatorsProvider.swift */; };
		5C3D146C28F0800D0054FC1F /* PresentationShowDirectionProvider.swift in Sources */ = {isa = PBXBuildFile; fileRef = 5C3D146628F0800D0054FC1F /* PresentationShowDirectionProvider.swift */; };
		5C3D146E28F0806B0054FC1F /* BackgroundDesignable.swift in Sources */ = {isa = PBXBuildFile; fileRef = 5C3D146D28F0806B0054FC1F /* BackgroundDesignable.swift */; };
		5C3D147128F080BE0054FC1F /* AnimatorProtocol.swift in Sources */ = {isa = PBXBuildFile; fileRef = 5C3D147028F080BE0054FC1F /* AnimatorProtocol.swift */; };
/* End PBXBuildFile section */

/* Begin PBXFileReference section */
		5C3D140528F0740D0054FC1F /* PopOver.app */ = {isa = PBXFileReference; explicitFileType = wrapper.application; includeInIndex = 0; path = PopOver.app; sourceTree = BUILT_PRODUCTS_DIR; };
		5C3D140828F0740D0054FC1F /* AppDelegate.swift */ = {isa = PBXFileReference; lastKnownFileType = sourcecode.swift; path = AppDelegate.swift; sourceTree = "<group>"; };
		5C3D140A28F0740D0054FC1F /* SceneDelegate.swift */ = {isa = PBXFileReference; lastKnownFileType = sourcecode.swift; path = SceneDelegate.swift; sourceTree = "<group>"; };
		5C3D140C28F0740D0054FC1F /* ViewController.swift */ = {isa = PBXFileReference; lastKnownFileType = sourcecode.swift; path = ViewController.swift; sourceTree = "<group>"; };
		5C3D140F28F0740D0054FC1F /* Base */ = {isa = PBXFileReference; lastKnownFileType = file.storyboard; name = Base; path = Base.lproj/Main.storyboard; sourceTree = "<group>"; };
		5C3D141128F0740E0054FC1F /* Assets.xcassets */ = {isa = PBXFileReference; lastKnownFileType = folder.assetcatalog; path = Assets.xcassets; sourceTree = "<group>"; };
		5C3D141428F0740E0054FC1F /* Base */ = {isa = PBXFileReference; lastKnownFileType = file.storyboard; name = Base; path = Base.lproj/LaunchScreen.storyboard; sourceTree = "<group>"; };
		5C3D141628F0740E0054FC1F /* Info.plist */ = {isa = PBXFileReference; lastKnownFileType = text.plist.xml; path = Info.plist; sourceTree = "<group>"; };
		5C3D142128F077B20054FC1F /* TransitioningDelegate.swift */ = {isa = PBXFileReference; lastKnownFileType = sourcecode.swift; path = TransitioningDelegate.swift; sourceTree = "<group>"; };
		5C3D143528F07E120054FC1F /* Duration.swift */ = {isa = PBXFileReference; fileEncoding = 4; lastKnownFileType = sourcecode.swift; path = Duration.swift; sourceTree = "<group>"; };
		5C3D143628F07E120054FC1F /* PresentationUIConfiguration.swift */ = {isa = PBXFileReference; fileEncoding = 4; lastKnownFileType = sourcecode.swift; path = PresentationUIConfiguration.swift; sourceTree = "<group>"; };
		5C3D143728F07E130054FC1F /* TransitionType.swift */ = {isa = PBXFileReference; fileEncoding = 4; lastKnownFileType = sourcecode.swift; path = TransitionType.swift; sourceTree = "<group>"; };
		5C3D143828F07E130054FC1F /* PresentationTiming.swift */ = {isa = PBXFileReference; fileEncoding = 4; lastKnownFileType = sourcecode.swift; path = PresentationTiming.swift; sourceTree = "<group>"; };
		5C3D143928F07E130054FC1F /* Direction.swift */ = {isa = PBXFileReference; fileEncoding = 4; lastKnownFileType = sourcecode.swift; path = Direction.swift; sourceTree = "<group>"; };
		5C3D143A28F07E130054FC1F /* BackgroundStyle.swift */ = {isa = PBXFileReference; fileEncoding = 4; lastKnownFileType = sourcecode.swift; path = BackgroundStyle.swift; sourceTree = "<group>"; };
		5C3D145B28F07E600054FC1F /* BluredView.swift */ = {isa = PBXFileReference; fileEncoding = 4; lastKnownFileType = sourcecode.swift; path = BluredView.swift; sourceTree = "<group>"; };
		5C3D145C28F07E600054FC1F /* DimmedView.swift */ = {isa = PBXFileReference; fileEncoding = 4; lastKnownFileType = sourcecode.swift; path = DimmedView.swift; sourceTree = "<group>"; };
		5C3D145F28F07F380054FC1F /* PassthroughBackgroundView.swift */ = {isa = PBXFileReference; lastKnownFileType = sourcecode.swift; path = PassthroughBackgroundView.swift; sourceTree = "<group>"; };
		5C3D146128F0800D0054FC1F /* PresentationTimingInformationProvider.swift */ = {isa = PBXFileReference; fileEncoding = 4; lastKnownFileType = sourcecode.swift; path = PresentationTimingInformationProvider.swift; sourceTree = "<group>"; };
		5C3D146228F0800D0054FC1F /* PresentationUIConfigurationProvider.swift */ = {isa = PBXFileReference; fileEncoding = 4; lastKnownFileType = sourcecode.swift; path = PresentationUIConfigurationProvider.swift; sourceTree = "<group>"; };
		5C3D146328F0800D0054FC1F /* PresentationDragIndicatorViewProvider.swift */ = {isa = PBXFileReference; fileEncoding = 4; lastKnownFileType = sourcecode.swift; path = PresentationDragIndicatorViewProvider.swift; sourceTree = "<group>"; };
		5C3D146428F0800D0054FC1F /* PresentationFrameProvider.swift */ = {isa = PBXFileReference; fileEncoding = 4; lastKnownFileType = sourcecode.swift; path = PresentationFrameProvider.swift; sourceTree = "<group>"; };
		5C3D146528F0800D0054FC1F /* PresentationAnimatorsProvider.swift */ = {isa = PBXFileReference; fileEncoding = 4; lastKnownFileType = sourcecode.swift; path = PresentationAnimatorsProvider.swift; sourceTree = "<group>"; };
		5C3D146628F0800D0054FC1F /* PresentationShowDirectionProvider.swift */ = {isa = PBXFileReference; fileEncoding = 4; lastKnownFileType = sourcecode.swift; path = PresentationShowDirectionProvider.swift; sourceTree = "<group>"; };
		5C3D146D28F0806B0054FC1F /* BackgroundDesignable.swift */ = {isa = PBXFileReference; lastKnownFileType = sourcecode.swift; path = BackgroundDesignable.swift; sourceTree = "<group>"; };
		5C3D147028F080BE0054FC1F /* AnimatorProtocol.swift */ = {isa = PBXFileReference; lastKnownFileType = sourcecode.swift; path = AnimatorProtocol.swift; sourceTree = "<group>"; };
/* End PBXFileReference section */

/* Begin PBXFrameworksBuildPhase section */
		5C3D140228F0740D0054FC1F /* Frameworks */ = {
			isa = PBXFrameworksBuildPhase;
			buildActionMask = 2147483647;
			files = (
			);
			runOnlyForDeploymentPostprocessing = 0;
		};
/* End PBXFrameworksBuildPhase section */

/* Begin PBXGroup section */
		5C3D13FC28F0740D0054FC1F = {
			isa = PBXGroup;
			children = (
				5C3D140728F0740D0054FC1F /* PopOver */,
				5C3D140628F0740D0054FC1F /* Products */,
			);
			sourceTree = "<group>";
		};
		5C3D140628F0740D0054FC1F /* Products */ = {
			isa = PBXGroup;
			children = (
				5C3D140528F0740D0054FC1F /* PopOver.app */,
			);
			name = Products;
			sourceTree = "<group>";
		};
		5C3D140728F0740D0054FC1F /* PopOver */ = {
			isa = PBXGroup;
			children = (
				5C3D147228F082D30054FC1F /* Controller */,
				5C3D146F28F080A20054FC1F /* Animator */,
				5C3D145A28F07E540054FC1F /* View */,
				5C3D144128F07E210054FC1F /* Provider */,
				5C3D142828F07DE50054FC1F /* Model */,
				5C3D142128F077B20054FC1F /* TransitioningDelegate.swift */,
				5C3D140828F0740D0054FC1F /* AppDelegate.swift */,
				5C3D140A28F0740D0054FC1F /* SceneDelegate.swift */,
				5C3D140C28F0740D0054FC1F /* ViewController.swift */,
				5C3D140E28F0740D0054FC1F /* Main.storyboard */,
				5C3D141128F0740E0054FC1F /* Assets.xcassets */,
				5C3D141328F0740E0054FC1F /* LaunchScreen.storyboard */,
				5C3D141628F0740E0054FC1F /* Info.plist */,
			);
			path = PopOver;
			sourceTree = "<group>";
		};
		5C3D142828F07DE50054FC1F /* Model */ = {
			isa = PBXGroup;
			children = (
				5C3D143A28F07E130054FC1F /* BackgroundStyle.swift */,
				5C3D143928F07E130054FC1F /* Direction.swift */,
				5C3D143528F07E120054FC1F /* Duration.swift */,
				5C3D143828F07E130054FC1F /* PresentationTiming.swift */,
				5C3D143628F07E120054FC1F /* PresentationUIConfiguration.swift */,
				5C3D143728F07E130054FC1F /* TransitionType.swift */,
			);
			path = Model;
			sourceTree = "<group>";
		};
		5C3D144128F07E210054FC1F /* Provider */ = {
			isa = PBXGroup;
			children = (
				5C3D146528F0800D0054FC1F /* PresentationAnimatorsProvider.swift */,
				5C3D146328F0800D0054FC1F /* PresentationDragIndicatorViewProvider.swift */,
				5C3D146428F0800D0054FC1F /* PresentationFrameProvider.swift */,
				5C3D146628F0800D0054FC1F /* PresentationShowDirectionProvider.swift */,
				5C3D146128F0800D0054FC1F /* PresentationTimingInformationProvider.swift */,
				5C3D146228F0800D0054FC1F /* PresentationUIConfigurationProvider.swift */,
			);
			path = Provider;
			sourceTree = "<group>";
		};
		5C3D145A28F07E540054FC1F /* View */ = {
			isa = PBXGroup;
			children = (
				5C3D146D28F0806B0054FC1F /* BackgroundDesignable.swift */,
				5C3D145B28F07E600054FC1F /* BluredView.swift */,
				5C3D145C28F07E600054FC1F /* DimmedView.swift */,
				5C3D145F28F07F380054FC1F /* PassthroughBackgroundView.swift */,
			);
			path = View;
			sourceTree = "<group>";
		};
		5C3D146F28F080A20054FC1F /* Animator */ = {
			isa = PBXGroup;
			children = (
				5C3D147028F080BE0054FC1F /* AnimatorProtocol.swift */,
			);
			path = Animator;
			sourceTree = "<group>";
		};
		5C3D147228F082D30054FC1F /* Controller */ = {
			isa = PBXGroup;
			children = (
			);
			path = Controller;
			sourceTree = "<group>";
		};
/* End PBXGroup section */

/* Begin PBXNativeTarget section */
		5C3D140428F0740D0054FC1F /* PopOver */ = {
			isa = PBXNativeTarget;
			buildConfigurationList = 5C3D141928F0740E0054FC1F /* Build configuration list for PBXNativeTarget "PopOver" */;
			buildPhases = (
				5C3D140128F0740D0054FC1F /* Sources */,
				5C3D140228F0740D0054FC1F /* Frameworks */,
				5C3D140328F0740D0054FC1F /* Resources */,
			);
			buildRules = (
			);
			dependencies = (
			);
			name = PopOver;
			productName = PopOver;
			productReference = 5C3D140528F0740D0054FC1F /* PopOver.app */;
			productType = "com.apple.product-type.application";
		};
/* End PBXNativeTarget section */

/* Begin PBXProject section */
		5C3D13FD28F0740D0054FC1F /* Project object */ = {
			isa = PBXProject;
			attributes = {
				BuildIndependentTargetsInParallel = 1;
				LastSwiftUpdateCheck = 1340;
				LastUpgradeCheck = 1340;
				TargetAttributes = {
					5C3D140428F0740D0054FC1F = {
						CreatedOnToolsVersion = 13.4.1;
					};
				};
			};
			buildConfigurationList = 5C3D140028F0740D0054FC1F /* Build configuration list for PBXProject "PopOver" */;
			compatibilityVersion = "Xcode 13.0";
			developmentRegion = en;
			hasScannedForEncodings = 0;
			knownRegions = (
				en,
				Base,
			);
			mainGroup = 5C3D13FC28F0740D0054FC1F;
			productRefGroup = 5C3D140628F0740D0054FC1F /* Products */;
			projectDirPath = "";
			projectRoot = "";
			targets = (
				5C3D140428F0740D0054FC1F /* PopOver */,
			);
		};
/* End PBXProject section */

/* Begin PBXResourcesBuildPhase section */
		5C3D140328F0740D0054FC1F /* Resources */ = {
			isa = PBXResourcesBuildPhase;
			buildActionMask = 2147483647;
			files = (
				5C3D141528F0740E0054FC1F /* LaunchScreen.storyboard in Resources */,
				5C3D141228F0740E0054FC1F /* Assets.xcassets in Resources */,
				5C3D141028F0740D0054FC1F /* Main.storyboard in Resources */,
			);
			runOnlyForDeploymentPostprocessing = 0;
		};
/* End PBXResourcesBuildPhase section */

/* Begin PBXSourcesBuildPhase section */
		5C3D140128F0740D0054FC1F /* Sources */ = {
			isa = PBXSourcesBuildPhase;
			buildActionMask = 2147483647;
			files = (
				5C3D143C28F07E130054FC1F /* PresentationUIConfiguration.swift in Sources */,
				5C3D146A28F0800D0054FC1F /* PresentationFrameProvider.swift in Sources */,
				5C3D143B28F07E130054FC1F /* Duration.swift in Sources */,
				5C3D146028F07F380054FC1F /* PassthroughBackgroundView.swift in Sources */,
				5C3D146928F0800D0054FC1F /* PresentationDragIndicatorViewProvider.swift in Sources */,
				5C3D145D28F07E600054FC1F /* BluredView.swift in Sources */,
				5C3D143D28F07E130054FC1F /* TransitionType.swift in Sources */,
				5C3D145E28F07E600054FC1F /* DimmedView.swift in Sources */,
				5C3D146828F0800D0054FC1F /* PresentationUIConfigurationProvider.swift in Sources */,
				5C3D146B28F0800D0054FC1F /* PresentationAnimatorsProvider.swift in Sources */,
				5C3D140D28F0740D0054FC1F /* ViewController.swift in Sources */,
				5C3D146E28F0806B0054FC1F /* BackgroundDesignable.swift in Sources */,
				5C3D140928F0740D0054FC1F /* AppDelegate.swift in Sources */,
				5C3D144028F07E130054FC1F /* BackgroundStyle.swift in Sources */,
				5C3D142228F077B20054FC1F /* TransitioningDelegate.swift in Sources */,
				5C3D140B28F0740D0054FC1F /* SceneDelegate.swift in Sources */,
				5C3D143E28F07E130054FC1F /* PresentationTiming.swift in Sources */,
				5C3D147128F080BE0054FC1F /* AnimatorProtocol.swift in Sources */,
				5C3D143F28F07E130054FC1F /* Direction.swift in Sources */,
				5C3D146C28F0800D0054FC1F /* PresentationShowDirectionProvider.swift in Sources */,
				5C3D146728F0800D0054FC1F /* PresentationTimingInformationProvider.swift in Sources */,
			);
			runOnlyForDeploymentPostprocessing = 0;
		};
/* End PBXSourcesBuildPhase section */

/* Begin PBXVariantGroup section */
		5C3D140E28F0740D0054FC1F /* Main.storyboard */ = {
			isa = PBXVariantGroup;
			children = (
				5C3D140F28F0740D0054FC1F /* Base */,
			);
			name = Main.storyboard;
			sourceTree = "<group>";
		};
		5C3D141328F0740E0054FC1F /* LaunchScreen.storyboard */ = {
			isa = PBXVariantGroup;
			children = (
				5C3D141428F0740E0054FC1F /* Base */,
			);
			name = LaunchScreen.storyboard;
			sourceTree = "<group>";
		};
/* End PBXVariantGroup section */

/* Begin XCBuildConfiguration section */
		5C3D141728F0740E0054FC1F /* Debug */ = {
			isa = XCBuildConfiguration;
			buildSettings = {
				ALWAYS_SEARCH_USER_PATHS = NO;
				CLANG_ANALYZER_NONNULL = YES;
				CLANG_ANALYZER_NUMBER_OBJECT_CONVERSION = YES_AGGRESSIVE;
				CLANG_CXX_LANGUAGE_STANDARD = "gnu++17";
				CLANG_ENABLE_MODULES = YES;
				CLANG_ENABLE_OBJC_ARC = YES;
				CLANG_ENABLE_OBJC_WEAK = YES;
				CLANG_WARN_BLOCK_CAPTURE_AUTORELEASING = YES;
				CLANG_WARN_BOOL_CONVERSION = YES;
				CLANG_WARN_COMMA = YES;
				CLANG_WARN_CONSTANT_CONVERSION = YES;
				CLANG_WARN_DEPRECATED_OBJC_IMPLEMENTATIONS = YES;
				CLANG_WARN_DIRECT_OBJC_ISA_USAGE = YES_ERROR;
				CLANG_WARN_DOCUMENTATION_COMMENTS = YES;
				CLANG_WARN_EMPTY_BODY = YES;
				CLANG_WARN_ENUM_CONVERSION = YES;
				CLANG_WARN_INFINITE_RECURSION = YES;
				CLANG_WARN_INT_CONVERSION = YES;
				CLANG_WARN_NON_LITERAL_NULL_CONVERSION = YES;
				CLANG_WARN_OBJC_IMPLICIT_RETAIN_SELF = YES;
				CLANG_WARN_OBJC_LITERAL_CONVERSION = YES;
				CLANG_WARN_OBJC_ROOT_CLASS = YES_ERROR;
				CLANG_WARN_QUOTED_INCLUDE_IN_FRAMEWORK_HEADER = YES;
				CLANG_WARN_RANGE_LOOP_ANALYSIS = YES;
				CLANG_WARN_STRICT_PROTOTYPES = YES;
				CLANG_WARN_SUSPICIOUS_MOVE = YES;
				CLANG_WARN_UNGUARDED_AVAILABILITY = YES_AGGRESSIVE;
				CLANG_WARN_UNREACHABLE_CODE = YES;
				CLANG_WARN__DUPLICATE_METHOD_MATCH = YES;
				COPY_PHASE_STRIP = NO;
				DEBUG_INFORMATION_FORMAT = dwarf;
				ENABLE_STRICT_OBJC_MSGSEND = YES;
				ENABLE_TESTABILITY = YES;
				GCC_C_LANGUAGE_STANDARD = gnu11;
				GCC_DYNAMIC_NO_PIC = NO;
				GCC_NO_COMMON_BLOCKS = YES;
				GCC_OPTIMIZATION_LEVEL = 0;
				GCC_PREPROCESSOR_DEFINITIONS = (
					"DEBUG=1",
					"$(inherited)",
				);
				GCC_WARN_64_TO_32_BIT_CONVERSION = YES;
				GCC_WARN_ABOUT_RETURN_TYPE = YES_ERROR;
				GCC_WARN_UNDECLARED_SELECTOR = YES;
				GCC_WARN_UNINITIALIZED_AUTOS = YES_AGGRESSIVE;
				GCC_WARN_UNUSED_FUNCTION = YES;
				GCC_WARN_UNUSED_VARIABLE = YES;
				IPHONEOS_DEPLOYMENT_TARGET = 15.5;
				MTL_ENABLE_DEBUG_INFO = INCLUDE_SOURCE;
				MTL_FAST_MATH = YES;
				ONLY_ACTIVE_ARCH = YES;
				SDKROOT = iphoneos;
				SWIFT_ACTIVE_COMPILATION_CONDITIONS = DEBUG;
				SWIFT_OPTIMIZATION_LEVEL = "-Onone";
			};
			name = Debug;
		};
		5C3D141828F0740E0054FC1F /* Release */ = {
			isa = XCBuildConfiguration;
			buildSettings = {
				ALWAYS_SEARCH_USER_PATHS = NO;
				CLANG_ANALYZER_NONNULL = YES;
				CLANG_ANALYZER_NUMBER_OBJECT_CONVERSION = YES_AGGRESSIVE;
				CLANG_CXX_LANGUAGE_STANDARD = "gnu++17";
				CLANG_ENABLE_MODULES = YES;
				CLANG_ENABLE_OBJC_ARC = YES;
				CLANG_ENABLE_OBJC_WEAK = YES;
				CLANG_WARN_BLOCK_CAPTURE_AUTORELEASING = YES;
				CLANG_WARN_BOOL_CONVERSION = YES;
				CLANG_WARN_COMMA = YES;
				CLANG_WARN_CONSTANT_CONVERSION = YES;
				CLANG_WARN_DEPRECATED_OBJC_IMPLEMENTATIONS = YES;
				CLANG_WARN_DIRECT_OBJC_ISA_USAGE = YES_ERROR;
				CLANG_WARN_DOCUMENTATION_COMMENTS = YES;
				CLANG_WARN_EMPTY_BODY = YES;
				CLANG_WARN_ENUM_CONVERSION = YES;
				CLANG_WARN_INFINITE_RECURSION = YES;
				CLANG_WARN_INT_CONVERSION = YES;
				CLANG_WARN_NON_LITERAL_NULL_CONVERSION = YES;
				CLANG_WARN_OBJC_IMPLICIT_RETAIN_SELF = YES;
				CLANG_WARN_OBJC_LITERAL_CONVERSION = YES;
				CLANG_WARN_OBJC_ROOT_CLASS = YES_ERROR;
				CLANG_WARN_QUOTED_INCLUDE_IN_FRAMEWORK_HEADER = YES;
				CLANG_WARN_RANGE_LOOP_ANALYSIS = YES;
				CLANG_WARN_STRICT_PROTOTYPES = YES;
				CLANG_WARN_SUSPICIOUS_MOVE = YES;
				CLANG_WARN_UNGUARDED_AVAILABILITY = YES_AGGRESSIVE;
				CLANG_WARN_UNREACHABLE_CODE = YES;
				CLANG_WARN__DUPLICATE_METHOD_MATCH = YES;
				COPY_PHASE_STRIP = NO;
				DEBUG_INFORMATION_FORMAT = "dwarf-with-dsym";
				ENABLE_NS_ASSERTIONS = NO;
				ENABLE_STRICT_OBJC_MSGSEND = YES;
				GCC_C_LANGUAGE_STANDARD = gnu11;
				GCC_NO_COMMON_BLOCKS = YES;
				GCC_WARN_64_TO_32_BIT_CONVERSION = YES;
				GCC_WARN_ABOUT_RETURN_TYPE = YES_ERROR;
				GCC_WARN_UNDECLARED_SELECTOR = YES;
				GCC_WARN_UNINITIALIZED_AUTOS = YES_AGGRESSIVE;
				GCC_WARN_UNUSED_FUNCTION = YES;
				GCC_WARN_UNUSED_VARIABLE = YES;
				IPHONEOS_DEPLOYMENT_TARGET = 15.5;
				MTL_ENABLE_DEBUG_INFO = NO;
				MTL_FAST_MATH = YES;
				SDKROOT = iphoneos;
				SWIFT_COMPILATION_MODE = wholemodule;
				SWIFT_OPTIMIZATION_LEVEL = "-O";
				VALIDATE_PRODUCT = YES;
			};
			name = Release;
		};
		5C3D141A28F0740E0054FC1F /* Debug */ = {
			isa = XCBuildConfiguration;
			buildSettings = {
				ASSETCATALOG_COMPILER_APPICON_NAME = AppIcon;
				ASSETCATALOG_COMPILER_GLOBAL_ACCENT_COLOR_NAME = AccentColor;
				CODE_SIGN_STYLE = Automatic;
				CURRENT_PROJECT_VERSION = 1;
				GENERATE_INFOPLIST_FILE = YES;
				INFOPLIST_FILE = PopOver/Info.plist;
				INFOPLIST_KEY_UIApplicationSupportsIndirectInputEvents = YES;
				INFOPLIST_KEY_UILaunchStoryboardName = LaunchScreen;
				INFOPLIST_KEY_UIMainStoryboardFile = Main;
				INFOPLIST_KEY_UISupportedInterfaceOrientations_iPad = "UIInterfaceOrientationPortrait UIInterfaceOrientationPortraitUpsideDown UIInterfaceOrientationLandscapeLeft UIInterfaceOrientationLandscapeRight";
				INFOPLIST_KEY_UISupportedInterfaceOrientations_iPhone = "UIInterfaceOrientationPortrait UIInterfaceOrientationLandscapeLeft UIInterfaceOrientationLandscapeRight";
				LD_RUNPATH_SEARCH_PATHS = (
					"$(inherited)",
					"@executable_path/Frameworks",
				);
				MARKETING_VERSION = 1.0;
				PRODUCT_BUNDLE_IDENTIFIER = pavelkochenda.PopOver;
				PRODUCT_NAME = "$(TARGET_NAME)";
				SWIFT_EMIT_LOC_STRINGS = YES;
				SWIFT_VERSION = 5.0;
				TARGETED_DEVICE_FAMILY = "1,2";
			};
			name = Debug;
		};
		5C3D141B28F0740E0054FC1F /* Release */ = {
			isa = XCBuildConfiguration;
			buildSettings = {
				ASSETCATALOG_COMPILER_APPICON_NAME = AppIcon;
				ASSETCATALOG_COMPILER_GLOBAL_ACCENT_COLOR_NAME = AccentColor;
				CODE_SIGN_STYLE = Automatic;
				CURRENT_PROJECT_VERSION = 1;
				GENERATE_INFOPLIST_FILE = YES;
				INFOPLIST_FILE = PopOver/Info.plist;
				INFOPLIST_KEY_UIApplicationSupportsIndirectInputEvents = YES;
				INFOPLIST_KEY_UILaunchStoryboardName = LaunchScreen;
				INFOPLIST_KEY_UIMainStoryboardFile = Main;
				INFOPLIST_KEY_UISupportedInterfaceOrientations_iPad = "UIInterfaceOrientationPortrait UIInterfaceOrientationPortraitUpsideDown UIInterfaceOrientationLandscapeLeft UIInterfaceOrientationLandscapeRight";
				INFOPLIST_KEY_UISupportedInterfaceOrientations_iPhone = "UIInterfaceOrientationPortrait UIInterfaceOrientationLandscapeLeft UIInterfaceOrientationLandscapeRight";
				LD_RUNPATH_SEARCH_PATHS = (
					"$(inherited)",
					"@executable_path/Frameworks",
				);
				MARKETING_VERSION = 1.0;
				PRODUCT_BUNDLE_IDENTIFIER = pavelkochenda.PopOver;
				PRODUCT_NAME = "$(TARGET_NAME)";
				SWIFT_EMIT_LOC_STRINGS = YES;
				SWIFT_VERSION = 5.0;
				TARGETED_DEVICE_FAMILY = "1,2";
			};
			name = Release;
		};
/* End XCBuildConfiguration section */

/* Begin XCConfigurationList section */
		5C3D140028F0740D0054FC1F /* Build configuration list for PBXProject "PopOver" */ = {
			isa = XCConfigurationList;
			buildConfigurations = (
				5C3D141728F0740E0054FC1F /* Debug */,
				5C3D141828F0740E0054FC1F /* Release */,
			);
			defaultConfigurationIsVisible = 0;
			defaultConfigurationName = Release;
		};
		5C3D141928F0740E0054FC1F /* Build configuration list for PBXNativeTarget "PopOver" */ = {
			isa = XCConfigurationList;
			buildConfigurations = (
				5C3D141A28F0740E0054FC1F /* Debug */,
				5C3D141B28F0740E0054FC1F /* Release */,
			);
			defaultConfigurationIsVisible = 0;
			defaultConfigurationName = Release;
		};
/* End XCConfigurationList section */
	};
	rootObject = 5C3D13FD28F0740D0054FC1F /* Project object */;
}
